
Microsoft Visual Studio Solution File, Format Version 12.00
# Visual Studio Version 17
VisualStudioVersion = 17.8.34004.107
MinimumVisualStudioVersion = 10.0.40219.1
Project("{9A19103F-16F7-4668-BE54-9A1E7A4F7556}") = "Core.Persistance", "Core.Persistance\Core.Persistance.csproj", "{0A319C14-73EE-4721-B576-03C736B33642}"
EndProject
Project("{9A19103F-16F7-4668-BE54-9A1E7A4F7556}") = "Core.Application", "Core.Application\Core.Application.csproj", "{1343FA4F-2FD9-4750-ADC3-8E7DD2DD36C6}"
EndProject
Project("{FAE04EC0-301F-11D3-BF4B-00C04F79EFBC}") = "Core.CrossCuttingConcerns", "Core.CrossCuttingConcerns\Core.CrossCuttingConcerns.csproj", "{737267D9-117E-4EC9-AD02-CB5742C546D7}"
EndProject
Global
	GlobalSection(SolutionConfigurationPlatforms) = preSolution
		Debug|Any CPU = Debug|Any CPU
		Release|Any CPU = Release|Any CPU
	EndGlobalSection
	GlobalSection(ProjectConfigurationPlatforms) = postSolution
		{0A319C14-73EE-4721-B576-03C736B33642}.Debug|Any CPU.ActiveCfg = Debug|Any CPU
		{0A319C14-73EE-4721-B576-03C736B33642}.Debug|Any CPU.Build.0 = Debug|Any CPU
		{0A319C14-73EE-4721-B576-03C736B33642}.Release|Any CPU.ActiveCfg = Release|Any CPU
		{0A319C14-73EE-4721-B576-03C736B33642}.Release|Any CPU.Build.0 = Release|Any CPU
		{1343FA4F-2FD9-4750-ADC3-8E7DD2DD36C6}.Debug|Any CPU.ActiveCfg = Debug|Any CPU
		{1343FA4F-2FD9-4750-ADC3-8E7DD2DD36C6}.Debug|Any CPU.Build.0 = Debug|Any CPU
		{1343FA4F-2FD9-4750-ADC3-8E7DD2DD36C6}.Release|Any CPU.ActiveCfg = Release|Any CPU
		{1343FA4F-2FD9-4750-ADC3-8E7DD2DD36C6}.Release|Any CPU.Build.0 = Release|Any CPU
		{737267D9-117E-4EC9-AD02-CB5742C546D7}.Debug|Any CPU.ActiveCfg = Debug|Any CPU
		{737267D9-117E-4EC9-AD02-CB5742C546D7}.Debug|Any CPU.Build.0 = Debug|Any CPU
		{737267D9-117E-4EC9-AD02-CB5742C546D7}.Release|Any CPU.ActiveCfg = Release|Any CPU
		{737267D9-117E-4EC9-AD02-CB5742C546D7}.Release|Any CPU.Build.0 = Release|Any CPU
	EndGlobalSection
	GlobalSection(SolutionProperties) = preSolution
		HideSolutionNode = FALSE
	EndGlobalSection
	GlobalSection(ExtensibilityGlobals) = postSolution
		SolutionGuid = {CAA1AC4F-895F-4D2B-81C2-2B796167B620}
	EndGlobalSection
EndGlobal
